
Microsoft Visual Studio Solution File, Format Version 12.00
# Visual Studio 15
VisualStudioVersion = 15.0.27703.2000
MinimumVisualStudioVersion = 10.0.40219.1
Project("{FAE04EC0-301F-11D3-BF4B-00C04F79EFBC}") = "WpfApp", "WpfApp\WpfApp.csproj", "{DFBCCB88-5305-4D59-B3AB-4076432480FB}"
	ProjectSection(ProjectDependencies) = postProject
		{2B766D85-275B-40F5-936B-703BE4B7E78C} = {2B766D85-275B-40F5-936B-703BE4B7E78C}
	EndProjectSection
EndProject
Project("{FAE04EC0-301F-11D3-BF4B-00C04F79EFBC}") = "INGServer", "INGServer\INGServer.csproj", "{2B766D85-275B-40F5-936B-703BE4B7E78C}"
EndProject
Global
	GlobalSection(SolutionConfigurationPlatforms) = preSolution
		Debug|Any CPU = Debug|Any CPU
		Release|Any CPU = Release|Any CPU
	EndGlobalSection
	GlobalSection(ProjectConfigurationPlatforms) = postSolution
		{DFBCCB88-5305-4D59-B3AB-4076432480FB}.Debug|Any CPU.ActiveCfg = Debug|Any CPU
		{DFBCCB88-5305-4D59-B3AB-4076432480FB}.Debug|Any CPU.Build.0 = Debug|Any CPU
		{DFBCCB88-5305-4D59-B3AB-4076432480FB}.Release|Any CPU.ActiveCfg = Release|Any CPU
		{DFBCCB88-5305-4D59-B3AB-4076432480FB}.Release|Any CPU.Build.0 = Release|Any CPU
		{2B766D85-275B-40F5-936B-703BE4B7E78C}.Debug|Any CPU.ActiveCfg = Debug|Any CPU
		{2B766D85-275B-40F5-936B-703BE4B7E78C}.Debug|Any CPU.Build.0 = Debug|Any CPU
		{2B766D85-275B-40F5-936B-703BE4B7E78C}.Release|Any CPU.ActiveCfg = Release|Any CPU
		{2B766D85-275B-40F5-936B-703BE4B7E78C}.Release|Any CPU.Build.0 = Release|Any CPU
	EndGlobalSection
	GlobalSection(SolutionProperties) = preSolution
		HideSolutionNode = FALSE
	EndGlobalSection
	GlobalSection(ExtensibilityGlobals) = postSolution
		SolutionGuid = {DF1047FF-2260-4CDB-AC93-A0B049B519CF}
	EndGlobalSection
EndGlobal
